
Microsoft Visual Studio Solution File, Format Version 12.00
# Visual Studio Version 16
VisualStudioVersion = 16.0.31702.278
MinimumVisualStudioVersion = 10.0.40219.1
Project("{FAE04EC0-301F-11D3-BF4B-00C04F79EFBC}") = "DarazEcommerce", "DarazEcommerce\DarazEcommerce.csproj", "{B9C67F41-E5C0-4A82-99B3-25155D32E127}"
EndProject
Project("{FAE04EC0-301F-11D3-BF4B-00C04F79EFBC}") = "ShoppingSystem", "ShoppingSystem\ShoppingSystem.csproj", "{943EB1BB-D3FA-4892-866A-E5DE31DC1960}"
EndProject
Project("{FAE04EC0-301F-11D3-BF4B-00C04F79EFBC}") = "ConsoleApp1", "ConsoleApp1\ConsoleApp1.csproj", "{8D2A6F98-B961-452A-8195-401FCA7D4E0C}"
EndProject
Global
	GlobalSection(SolutionConfigurationPlatforms) = preSolution
		Debug|Any CPU = Debug|Any CPU
		Release|Any CPU = Release|Any CPU
	EndGlobalSection
	GlobalSection(ProjectConfigurationPlatforms) = postSolution
		{B9C67F41-E5C0-4A82-99B3-25155D32E127}.Debug|Any CPU.ActiveCfg = Debug|Any CPU
		{B9C67F41-E5C0-4A82-99B3-25155D32E127}.Debug|Any CPU.Build.0 = Debug|Any CPU
		{B9C67F41-E5C0-4A82-99B3-25155D32E127}.Release|Any CPU.ActiveCfg = Release|Any CPU
		{B9C67F41-E5C0-4A82-99B3-25155D32E127}.Release|Any CPU.Build.0 = Release|Any CPU
		{943EB1BB-D3FA-4892-866A-E5DE31DC1960}.Debug|Any CPU.ActiveCfg = Debug|Any CPU
		{943EB1BB-D3FA-4892-866A-E5DE31DC1960}.Debug|Any CPU.Build.0 = Debug|Any CPU
		{943EB1BB-D3FA-4892-866A-E5DE31DC1960}.Release|Any CPU.ActiveCfg = Release|Any CPU
		{943EB1BB-D3FA-4892-866A-E5DE31DC1960}.Release|Any CPU.Build.0 = Release|Any CPU
		{8D2A6F98-B961-452A-8195-401FCA7D4E0C}.Debug|Any CPU.ActiveCfg = Debug|Any CPU
		{8D2A6F98-B961-452A-8195-401FCA7D4E0C}.Debug|Any CPU.Build.0 = Debug|Any CPU
		{8D2A6F98-B961-452A-8195-401FCA7D4E0C}.Release|Any CPU.ActiveCfg = Release|Any CPU
		{8D2A6F98-B961-452A-8195-401FCA7D4E0C}.Release|Any CPU.Build.0 = Release|Any CPU
	EndGlobalSection
	GlobalSection(SolutionProperties) = preSolution
		HideSolutionNode = FALSE
	EndGlobalSection
	GlobalSection(ExtensibilityGlobals) = postSolution
		SolutionGuid = {7F17BD39-FA75-481A-BBF8-1B17A94D64B0}
	EndGlobalSection
EndGlobal
